// !$*UTF8*$!
{
	archiveVersion = 1;
	classes = {
	};
	objectVersion = 46;
	objects = {

/* Begin PBXBuildFile section */
		8C3477071A165DC800747CC7 /* Foundation.framework in Frameworks */ = {isa = PBXBuildFile; fileRef = 8C3477061A165DC800747CC7 /* Foundation.framework */; };
		8C3477091A165DC800747CC7 /* CoreGraphics.framework in Frameworks */ = {isa = PBXBuildFile; fileRef = 8C3477081A165DC800747CC7 /* CoreGraphics.framework */; };
		8C34770B1A165DC800747CC7 /* UIKit.framework in Frameworks */ = {isa = PBXBuildFile; fileRef = 8C34770A1A165DC800747CC7 /* UIKit.framework */; };
		8C3477111A165DC800747CC7 /* InfoPlist.strings in Resources */ = {isa = PBXBuildFile; fileRef = 8C34770F1A165DC800747CC7 /* InfoPlist.strings */; };
		8C3477131A165DC800747CC7 /* main.m in Sources */ = {isa = PBXBuildFile; fileRef = 8C3477121A165DC800747CC7 /* main.m */; };
		8C3477171A165DC800747CC7 /* MMAppDelegate.m in Sources */ = {isa = PBXBuildFile; fileRef = 8C3477161A165DC800747CC7 /* MMAppDelegate.m */; };
		8C34771A1A165DC800747CC7 /* Main.storyboard in Resources */ = {isa = PBXBuildFile; fileRef = 8C3477181A165DC800747CC7 /* Main.storyboard */; };
		8C34771D1A165DC800747CC7 /* MMViewController.m in Sources */ = {isa = PBXBuildFile; fileRef = 8C34771C1A165DC800747CC7 /* MMViewController.m */; };
		8C34771F1A165DC800747CC7 /* Images.xcassets in Resources */ = {isa = PBXBuildFile; fileRef = 8C34771E1A165DC800747CC7 /* Images.xcassets */; };
		8C3477261A165DC900747CC7 /* XCTest.framework in Frameworks */ = {isa = PBXBuildFile; fileRef = 8C3477251A165DC900747CC7 /* XCTest.framework */; };
		8C3477271A165DC900747CC7 /* Foundation.framework in Frameworks */ = {isa = PBXBuildFile; fileRef = 8C3477061A165DC800747CC7 /* Foundation.framework */; };
		8C3477281A165DC900747CC7 /* UIKit.framework in Frameworks */ = {isa = PBXBuildFile; fileRef = 8C34770A1A165DC800747CC7 /* UIKit.framework */; };
		8C3477301A165DC900747CC7 /* InfoPlist.strings in Resources */ = {isa = PBXBuildFile; fileRef = 8C34772E1A165DC900747CC7 /* InfoPlist.strings */; };
		8C3477321A165DC900747CC7 /* SelfMoneyManagerTests.m in Sources */ = {isa = PBXBuildFile; fileRef = 8C3477311A165DC900747CC7 /* SelfMoneyManagerTests.m */; };
/* End PBXBuildFile section */

/* Begin PBXContainerItemProxy section */
		8C3477291A165DC900747CC7 /* PBXContainerItemProxy */ = {
			isa = PBXContainerItemProxy;
			containerPortal = 8C3476FB1A165DC800747CC7 /* Project object */;
			proxyType = 1;
			remoteGlobalIDString = 8C3477021A165DC800747CC7;
			remoteInfo = SelfMoneyManager;
		};
/* End PBXContainerItemProxy section */

/* Begin PBXFileReference section */
		8C3477031A165DC800747CC7 /* SelfMoneyManager.app */ = {isa = PBXFileReference; explicitFileType = wrapper.application; includeInIndex = 0; path = SelfMoneyManager.app; sourceTree = BUILT_PRODUCTS_DIR; };
		8C3477061A165DC800747CC7 /* Foundation.framework */ = {isa = PBXFileReference; lastKnownFileType = wrapper.framework; name = Foundation.framework; path = System/Library/Frameworks/Foundation.framework; sourceTree = SDKROOT; };
		8C3477081A165DC800747CC7 /* CoreGraphics.framework */ = {isa = PBXFileReference; lastKnownFileType = wrapper.framework; name = CoreGraphics.framework; path = System/Library/Frameworks/CoreGraphics.framework; sourceTree = SDKROOT; };
		8C34770A1A165DC800747CC7 /* UIKit.framework */ = {isa = PBXFileReference; lastKnownFileType = wrapper.framework; name = UIKit.framework; path = System/Library/Frameworks/UIKit.framework; sourceTree = SDKROOT; };
		8C34770E1A165DC800747CC7 /* SelfMoneyManager-Info.plist */ = {isa = PBXFileReference; lastKnownFileType = text.plist.xml; path = "SelfMoneyManager-Info.plist"; sourceTree = "<group>"; };
		8C3477101A165DC800747CC7 /* en */ = {isa = PBXFileReference; lastKnownFileType = text.plist.strings; name = en; path = en.lproj/InfoPlist.strings; sourceTree = "<group>"; };
		8C3477121A165DC800747CC7 /* main.m */ = {isa = PBXFileReference; lastKnownFileType = sourcecode.c.objc; path = main.m; sourceTree = "<group>"; };
		8C3477141A165DC800747CC7 /* SelfMoneyManager-Prefix.pch */ = {isa = PBXFileReference; lastKnownFileType = sourcecode.c.h; path = "SelfMoneyManager-Prefix.pch"; sourceTree = "<group>"; };
		8C3477151A165DC800747CC7 /* MMAppDelegate.h */ = {isa = PBXFileReference; lastKnownFileType = sourcecode.c.h; path = MMAppDelegate.h; sourceTree = "<group>"; };
		8C3477161A165DC800747CC7 /* MMAppDelegate.m */ = {isa = PBXFileReference; lastKnownFileType = sourcecode.c.objc; path = MMAppDelegate.m; sourceTree = "<group>"; };
		8C3477191A165DC800747CC7 /* Base */ = {isa = PBXFileReference; lastKnownFileType = file.storyboard; name = Base; path = Base.lproj/Main.storyboard; sourceTree = "<group>"; };
		8C34771B1A165DC800747CC7 /* MMViewController.h */ = {isa = PBXFileReference; lastKnownFileType = sourcecode.c.h; path = MMViewController.h; sourceTree = "<group>"; };
		8C34771C1A165DC800747CC7 /* MMViewController.m */ = {isa = PBXFileReference; lastKnownFileType = sourcecode.c.objc; path = MMViewController.m; sourceTree = "<group>"; };
		8C34771E1A165DC800747CC7 /* Images.xcassets */ = {isa = PBXFileReference; lastKnownFileType = folder.assetcatalog; path = Images.xcassets; sourceTree = "<group>"; };
		8C3477241A165DC900747CC7 /* SelfMoneyManagerTests.xctest */ = {isa = PBXFileReference; explicitFileType = wrapper.cfbundle; includeInIndex = 0; path = SelfMoneyManagerTests.xctest; sourceTree = BUILT_PRODUCTS_DIR; };
		8C3477251A165DC900747CC7 /* XCTest.framework */ = {isa = PBXFileReference; lastKnownFileType = wrapper.framework; name = XCTest.framework; path = Library/Frameworks/XCTest.framework; sourceTree = DEVELOPER_DIR; };
		8C34772D1A165DC900747CC7 /* SelfMoneyManagerTests-Info.plist */ = {isa = PBXFileReference; lastKnownFileType = text.plist.xml; path = "SelfMoneyManagerTests-Info.plist"; sourceTree = "<group>"; };
		8C34772F1A165DC900747CC7 /* en */ = {isa = PBXFileReference; lastKnownFileType = text.plist.strings; name = en; path = en.lproj/InfoPlist.strings; sourceTree = "<group>"; };
		8C3477311A165DC900747CC7 /* SelfMoneyManagerTests.m */ = {isa = PBXFileReference; lastKnownFileType = sourcecode.c.objc; path = SelfMoneyManagerTests.m; sourceTree = "<group>"; };
/* End PBXFileReference section */

/* Begin PBXFrameworksBuildPhase section */
		8C3477001A165DC800747CC7 /* Frameworks */ = {
			isa = PBXFrameworksBuildPhase;
			buildActionMask = 2147483647;
			files = (
				8C3477091A165DC800747CC7 /* CoreGraphics.framework in Frameworks */,
				8C34770B1A165DC800747CC7 /* UIKit.framework in Frameworks */,
				8C3477071A165DC800747CC7 /* Foundation.framework in Frameworks */,
			);
			runOnlyForDeploymentPostprocessing = 0;
		};
		8C3477211A165DC900747CC7 /* Frameworks */ = {
			isa = PBXFrameworksBuildPhase;
			buildActionMask = 2147483647;
			files = (
				8C3477261A165DC900747CC7 /* XCTest.framework in Frameworks */,
				8C3477281A165DC900747CC7 /* UIKit.framework in Frameworks */,
				8C3477271A165DC900747CC7 /* Foundation.framework in Frameworks */,
			);
			runOnlyForDeploymentPostprocessing = 0;
		};
/* End PBXFrameworksBuildPhase section */

/* Begin PBXGroup section */
		8C3476FA1A165DC800747CC7 = {
			isa = PBXGroup;
			children = (
				8C34770C1A165DC800747CC7 /* SelfMoneyManager */,
				8C34772B1A165DC900747CC7 /* SelfMoneyManagerTests */,
				8C3477051A165DC800747CC7 /* Frameworks */,
				8C3477041A165DC800747CC7 /* Products */,
			);
			sourceTree = "<group>";
		};
		8C3477041A165DC800747CC7 /* Products */ = {
			isa = PBXGroup;
			children = (
				8C3477031A165DC800747CC7 /* SelfMoneyManager.app */,
				8C3477241A165DC900747CC7 /* SelfMoneyManagerTests.xctest */,
			);
			name = Products;
			sourceTree = "<group>";
		};
		8C3477051A165DC800747CC7 /* Frameworks */ = {
			isa = PBXGroup;
			children = (
				8C3477061A165DC800747CC7 /* Foundation.framework */,
				8C3477081A165DC800747CC7 /* CoreGraphics.framework */,
				8C34770A1A165DC800747CC7 /* UIKit.framework */,
				8C3477251A165DC900747CC7 /* XCTest.framework */,
			);
			name = Frameworks;
			sourceTree = "<group>";
		};
		8C34770C1A165DC800747CC7 /* SelfMoneyManager */ = {
			isa = PBXGroup;
			children = (
				8C3477151A165DC800747CC7 /* MMAppDelegate.h */,
				8C3477161A165DC800747CC7 /* MMAppDelegate.m */,
				8C3477181A165DC800747CC7 /* Main.storyboard */,
				8C34771B1A165DC800747CC7 /* MMViewController.h */,
				8C34771C1A165DC800747CC7 /* MMViewController.m */,
				8C34771E1A165DC800747CC7 /* Images.xcassets */,
				8C34770D1A165DC800747CC7 /* Supporting Files */,
			);
			path = SelfMoneyManager;
			sourceTree = "<group>";
		};
		8C34770D1A165DC800747CC7 /* Supporting Files */ = {
			isa = PBXGroup;
			children = (
				8C34770E1A165DC800747CC7 /* SelfMoneyManager-Info.plist */,
				8C34770F1A165DC800747CC7 /* InfoPlist.strings */,
				8C3477121A165DC800747CC7 /* main.m */,
				8C3477141A165DC800747CC7 /* SelfMoneyManager-Prefix.pch */,
			);
			name = "Supporting Files";
			sourceTree = "<group>";
		};
		8C34772B1A165DC900747CC7 /* SelfMoneyManagerTests */ = {
			isa = PBXGroup;
			children = (
				8C3477311A165DC900747CC7 /* SelfMoneyManagerTests.m */,
				8C34772C1A165DC900747CC7 /* Supporting Files */,
			);
			path = SelfMoneyManagerTests;
			sourceTree = "<group>";
		};
		8C34772C1A165DC900747CC7 /* Supporting Files */ = {
			isa = PBXGroup;
			children = (
				8C34772D1A165DC900747CC7 /* SelfMoneyManagerTests-Info.plist */,
				8C34772E1A165DC900747CC7 /* InfoPlist.strings */,
			);
			name = "Supporting Files";
			sourceTree = "<group>";
		};
/* End PBXGroup section */

/* Begin PBXNativeTarget section */
		8C3477021A165DC800747CC7 /* SelfMoneyManager */ = {
			isa = PBXNativeTarget;
			buildConfigurationList = 8C3477351A165DC900747CC7 /* Build configuration list for PBXNativeTarget "SelfMoneyManager" */;
			buildPhases = (
				8C3476FF1A165DC800747CC7 /* Sources */,
				8C3477001A165DC800747CC7 /* Frameworks */,
				8C3477011A165DC800747CC7 /* Resources */,
			);
			buildRules = (
			);
			dependencies = (
			);
			name = SelfMoneyManager;
			productName = SelfMoneyManager;
			productReference = 8C3477031A165DC800747CC7 /* SelfMoneyManager.app */;
			productType = "com.apple.product-type.application";
		};
		8C3477231A165DC900747CC7 /* SelfMoneyManagerTests */ = {
			isa = PBXNativeTarget;
			buildConfigurationList = 8C3477381A165DC900747CC7 /* Build configuration list for PBXNativeTarget "SelfMoneyManagerTests" */;
			buildPhases = (
				8C3477201A165DC900747CC7 /* Sources */,
				8C3477211A165DC900747CC7 /* Frameworks */,
				8C3477221A165DC900747CC7 /* Resources */,
			);
			buildRules = (
			);
			dependencies = (
				8C34772A1A165DC900747CC7 /* PBXTargetDependency */,
			);
			name = SelfMoneyManagerTests;
			productName = SelfMoneyManagerTests;
			productReference = 8C3477241A165DC900747CC7 /* SelfMoneyManagerTests.xctest */;
			productType = "com.apple.product-type.bundle.unit-test";
		};
/* End PBXNativeTarget section */

/* Begin PBXProject section */
		8C3476FB1A165DC800747CC7 /* Project object */ = {
			isa = PBXProject;
			attributes = {
				CLASSPREFIX = MM;
				LastUpgradeCheck = 0510;
				ORGANIZATIONNAME = "袁芳瑞";
				TargetAttributes = {
					8C3477231A165DC900747CC7 = {
						TestTargetID = 8C3477021A165DC800747CC7;
					};
				};
			};
			buildConfigurationList = 8C3476FE1A165DC800747CC7 /* Build configuration list for PBXProject "SelfMoneyManager" */;
			compatibilityVersion = "Xcode 3.2";
			developmentRegion = English;
			hasScannedForEncodings = 0;
			knownRegions = (
				en,
				Base,
			);
			mainGroup = 8C3476FA1A165DC800747CC7;
			productRefGroup = 8C3477041A165DC800747CC7 /* Products */;
			projectDirPath = "";
			projectRoot = "";
			targets = (
				8C3477021A165DC800747CC7 /* SelfMoneyManager */,
				8C3477231A165DC900747CC7 /* SelfMoneyManagerTests */,
			);
		};
/* End PBXProject section */

/* Begin PBXResourcesBuildPhase section */
		8C3477011A165DC800747CC7 /* Resources */ = {
			isa = PBXResourcesBuildPhase;
			buildActionMask = 2147483647;
			files = (
				8C34771F1A165DC800747CC7 /* Images.xcassets in Resources */,
				8C3477111A165DC800747CC7 /* InfoPlist.strings in Resources */,
				8C34771A1A165DC800747CC7 /* Main.storyboard in Resources */,
			);
			runOnlyForDeploymentPostprocessing = 0;
		};
		8C3477221A165DC900747CC7 /* Resources */ = {
			isa = PBXResourcesBuildPhase;
			buildActionMask = 2147483647;
			files = (
				8C3477301A165DC900747CC7 /* InfoPlist.strings in Resources */,
			);
			runOnlyForDeploymentPostprocessing = 0;
		};
/* End PBXResourcesBuildPhase section */

/* Begin PBXSourcesBuildPhase section */
		8C3476FF1A165DC800747CC7 /* Sources */ = {
			isa = PBXSourcesBuildPhase;
			buildActionMask = 2147483647;
			files = (
				8C3477171A165DC800747CC7 /* MMAppDelegate.m in Sources */,
				8C34771D1A165DC800747CC7 /* MMViewController.m in Sources */,
				8C3477131A165DC800747CC7 /* main.m in Sources */,
			);
			runOnlyForDeploymentPostprocessing = 0;
		};
		8C3477201A165DC900747CC7 /* Sources */ = {
			isa = PBXSourcesBuildPhase;
			buildActionMask = 2147483647;
			files = (
				8C3477321A165DC900747CC7 /* SelfMoneyManagerTests.m in Sources */,
			);
			runOnlyForDeploymentPostprocessing = 0;
		};
/* End PBXSourcesBuildPhase section */

/* Begin PBXTargetDependency section */
		8C34772A1A165DC900747CC7 /* PBXTargetDependency */ = {
			isa = PBXTargetDependency;
			target = 8C3477021A165DC800747CC7 /* SelfMoneyManager */;
			targetProxy = 8C3477291A165DC900747CC7 /* PBXContainerItemProxy */;
		};
/* End PBXTargetDependency section */

/* Begin PBXVariantGroup section */
		8C34770F1A165DC800747CC7 /* InfoPlist.strings */ = {
			isa = PBXVariantGroup;
			children = (
				8C3477101A165DC800747CC7 /* en */,
			);
			name = InfoPlist.strings;
			sourceTree = "<group>";
		};
		8C3477181A165DC800747CC7 /* Main.storyboard */ = {
			isa = PBXVariantGroup;
			children = (
				8C3477191A165DC800747CC7 /* Base */,
			);
			name = Main.storyboard;
			sourceTree = "<group>";
		};
		8C34772E1A165DC900747CC7 /* InfoPlist.strings */ = {
			isa = PBXVariantGroup;
			children = (
				8C34772F1A165DC900747CC7 /* en */,
			);
			name = InfoPlist.strings;
			sourceTree = "<group>";
		};
/* End PBXVariantGroup section */

/* Begin XCBuildConfiguration section */
		8C3477331A165DC900747CC7 /* Debug */ = {
			isa = XCBuildConfiguration;
			buildSettings = {
				ALWAYS_SEARCH_USER_PATHS = NO;
				CLANG_CXX_LANGUAGE_STANDARD = "gnu++0x";
				CLANG_CXX_LIBRARY = "libc++";
				CLANG_ENABLE_MODULES = YES;
				CLANG_ENABLE_OBJC_ARC = YES;
				CLANG_WARN_BOOL_CONVERSION = YES;
				CLANG_WARN_CONSTANT_CONVERSION = YES;
				CLANG_WARN_DIRECT_OBJC_ISA_USAGE = YES_ERROR;
				CLANG_WARN_EMPTY_BODY = YES;
				CLANG_WARN_ENUM_CONVERSION = YES;
				CLANG_WARN_INT_CONVERSION = YES;
				CLANG_WARN_OBJC_ROOT_CLASS = YES_ERROR;
				CLANG_WARN__DUPLICATE_METHOD_MATCH = YES;
				"CODE_SIGN_IDENTITY[sdk=iphoneos*]" = "iPhone Developer";
				COPY_PHASE_STRIP = NO;
				GCC_C_LANGUAGE_STANDARD = gnu99;
				GCC_DYNAMIC_NO_PIC = NO;
				GCC_OPTIMIZATION_LEVEL = 0;
				GCC_PREPROCESSOR_DEFINITIONS = (
					"DEBUG=1",
					"$(inherited)",
				);
				GCC_SYMBOLS_PRIVATE_EXTERN = NO;
				GCC_WARN_64_TO_32_BIT_CONVERSION = YES;
				GCC_WARN_ABOUT_RETURN_TYPE = YES_ERROR;
				GCC_WARN_UNDECLARED_SELECTOR = YES;
				GCC_WARN_UNINITIALIZED_AUTOS = YES_AGGRESSIVE;
				GCC_WARN_UNUSED_FUNCTION = YES;
				GCC_WARN_UNUSED_VARIABLE = YES;
				IPHONEOS_DEPLOYMENT_TARGET = 7.1;
				ONLY_ACTIVE_ARCH = YES;
				SDKROOT = iphoneos;
			};
			name = Debug;
		};
		8C3477341A165DC900747CC7 /* Release */ = {
			isa = XCBuildConfiguration;
			buildSettings = {
				ALWAYS_SEARCH_USER_PATHS = NO;
				CLANG_CXX_LANGUAGE_STANDARD = "gnu++0x";
				CLANG_CXX_LIBRARY = "libc++";
				CLANG_ENABLE_MODULES = YES;
				CLANG_ENABLE_OBJC_ARC = YES;
				CLANG_WARN_BOOL_CONVERSION = YES;
				CLANG_WARN_CONSTANT_CONVERSION = YES;
				CLANG_WARN_DIRECT_OBJC_ISA_USAGE = YES_ERROR;
				CLANG_WARN_EMPTY_BODY = YES;
				CLANG_WARN_ENUM_CONVERSION = YES;
				CLANG_WARN_INT_CONVERSION = YES;
				CLANG_WARN_OBJC_ROOT_CLASS = YES_ERROR;
				CLANG_WARN__DUPLICATE_METHOD_MATCH = YES;
				"CODE_SIGN_IDENTITY[sdk=iphoneos*]" = "iPhone Developer";
				COPY_PHASE_STRIP = YES;
				ENABLE_NS_ASSERTIONS = NO;
				GCC_C_LANGUAGE_STANDARD = gnu99;
				GCC_WARN_64_TO_32_BIT_CONVERSION = YES;
				GCC_WARN_ABOUT_RETURN_TYPE = YES_ERROR;
				GCC_WARN_UNDECLARED_SELECTOR = YES;
				GCC_WARN_UNINITIALIZED_AUTOS = YES_AGGRESSIVE;
				GCC_WARN_UNUSED_FUNCTION = YES;
				GCC_WARN_UNUSED_VARIABLE = YES;
				IPHONEOS_DEPLOYMENT_TARGET = 7.1;
				SDKROOT = iphoneos;
				VALIDATE_PRODUCT = YES;
			};
			name = Release;
		};
		8C3477361A165DC900747CC7 /* Debug */ = {
			isa = XCBuildConfiguration;
			buildSettings = {
				ASSETCATALOG_COMPILER_APPICON_NAME = AppIcon;
				ASSETCATALOG_COMPILER_LAUNCHIMAGE_NAME = LaunchImage;
				GCC_PRECOMPILE_PREFIX_HEADER = YES;
				GCC_PREFIX_HEADER = "SelfMoneyManager/SelfMoneyManager-Prefix.pch";
				INFOPLIST_FILE = "SelfMoneyManager/SelfMoneyManager-Info.plist";
				PRODUCT_NAME = "$(TARGET_NAME)";
				WRAPPER_EXTENSION = app;
			};
			name = Debug;
		};
		8C3477371A165DC900747CC7 /* Release */ = {
			isa = XCBuildConfiguration;
			buildSettings = {
				ASSETCATALOG_COMPILER_APPICON_NAME = AppIcon;
				ASSETCATALOG_COMPILER_LAUNCHIMAGE_NAME = LaunchImage;
				GCC_PRECOMPILE_PREFIX_HEADER = YES;
				GCC_PREFIX_HEADER = "SelfMoneyManager/SelfMoneyManager-Prefix.pch";
				INFOPLIST_FILE = "SelfMoneyManager/SelfMoneyManager-Info.plist";
				PRODUCT_NAME = "$(TARGET_NAME)";
				WRAPPER_EXTENSION = app;
			};
			name = Release;
		};
		8C3477391A165DC900747CC7 /* Debug */ = {
			isa = XCBuildConfiguration;
			buildSettings = {
				BUNDLE_LOADER = "$(BUILT_PRODUCTS_DIR)/SelfMoneyManager.app/SelfMoneyManager";
				FRAMEWORK_SEARCH_PATHS = (
					"$(SDKROOT)/Developer/Library/Frameworks",
					"$(inherited)",
					"$(DEVELOPER_FRAMEWORKS_DIR)",
				);
				GCC_PRECOMPILE_PREFIX_HEADER = YES;
				GCC_PREFIX_HEADER = "SelfMoneyManager/SelfMoneyManager-Prefix.pch";
				GCC_PREPROCESSOR_DEFINITIONS = (
					"DEBUG=1",
					"$(inherited)",
				);
				INFOPLIST_FILE = "SelfMoneyManagerTests/SelfMoneyManagerTests-Info.plist";
				PRODUCT_NAME = "$(TARGET_NAME)";
				TEST_HOST = "$(BUNDLE_LOADER)";
				WRAPPER_EXTENSION = xctest;
			};
			name = Debug;
		};
		8C34773A1A165DC900747CC7 /* Release */ = {
			isa = XCBuildConfiguration;
			buildSettings = {
				BUNDLE_LOADER = "$(BUILT_PRODUCTS_DIR)/SelfMoneyManager.app/SelfMoneyManager";
				FRAMEWORK_SEARCH_PATHS = (
					"$(SDKROOT)/Developer/Library/Frameworks",
					"$(inherited)",
					"$(DEVELOPER_FRAMEWORKS_DIR)",
				);
				GCC_PRECOMPILE_PREFIX_HEADER = YES;
				GCC_PREFIX_HEADER = "SelfMoneyManager/SelfMoneyManager-Prefix.pch";
				INFOPLIST_FILE = "SelfMoneyManagerTests/SelfMoneyManagerTests-Info.plist";
				PRODUCT_NAME = "$(TARGET_NAME)";
				TEST_HOST = "$(BUNDLE_LOADER)";
				WRAPPER_EXTENSION = xctest;
			};
			name = Release;
		};
/* End XCBuildConfiguration section */

/* Begin XCConfigurationList section */
		8C3476FE1A165DC800747CC7 /* Build configuration list for PBXProject "SelfMoneyManager" */ = {
			isa = XCConfigurationList;
			buildConfigurations = (
				8C3477331A165DC900747CC7 /* Debug */,
				8C3477341A165DC900747CC7 /* Release */,
			);
			defaultConfigurationIsVisible = 0;
			defaultConfigurationName = Release;
		};
		8C3477351A165DC900747CC7 /* Build configuration list for PBXNativeTarget "SelfMoneyManager" */ = {
			isa = XCConfigurationList;
			buildConfigurations = (
				8C3477361A165DC900747CC7 /* Debug */,
				8C3477371A165DC900747CC7 /* Release */,
			);
			defaultConfigurationIsVisible = 0;
		};
		8C3477381A165DC900747CC7 /* Build configuration list for PBXNativeTarget "SelfMoneyManagerTests" */ = {
			isa = XCConfigurationList;
			buildConfigurations = (
				8C3477391A165DC900747CC7 /* Debug */,
				8C34773A1A165DC900747CC7 /* Release */,
			);
			defaultConfigurationIsVisible = 0;
		};
/* End XCConfigurationList section */
	};
	rootObject = 8C3476FB1A165DC800747CC7 /* Project object */;
}
